<?xml version="1.0" encoding="utf-8"?>
<Project ToolsVersion="4.0" xmlns="http://schemas.microsoft.com/developer/msbuild/2003">
  <ItemGroup>
    <ClCompile Include="processor.c" />
    <ClCompile Include="assembler.c" />
  </ItemGroup>
  <ItemGroup>
    <ClInclude Include="assembler.h" />
    <ClInclude Include="vcpudef.h" />
  </ItemGroup>
</Project>